// !$*UTF8*$!
{
	archiveVersion = 1;
	classes = {
	};
	objectVersion = 46;
	objects = {

/* Begin PBXBuildFile section */
		22C6846C1CF9F46500C2394B /* main.m in Sources */ = {isa = PBXBuildFile; fileRef = 22C6846B1CF9F46500C2394B /* main.m */; };
		22C6846F1CF9F46500C2394B /* AppDelegate.m in Sources */ = {isa = PBXBuildFile; fileRef = 22C6846E1CF9F46500C2394B /* AppDelegate.m */; };
		22C684721CF9F46500C2394B /* ViewController.m in Sources */ = {isa = PBXBuildFile; fileRef = 22C684711CF9F46500C2394B /* ViewController.m */; };
		22C684751CF9F46500C2394B /* Main.storyboard in Resources */ = {isa = PBXBuildFile; fileRef = 22C684731CF9F46500C2394B /* Main.storyboard */; };
		22C684781CF9F46500C2394B /* MyPageViewController.xcdatamodeld in Sources */ = {isa = PBXBuildFile; fileRef = 22C684761CF9F46500C2394B /* MyPageViewController.xcdatamodeld */; };
		22C6847A1CF9F46500C2394B /* Assets.xcassets in Resources */ = {isa = PBXBuildFile; fileRef = 22C684791CF9F46500C2394B /* Assets.xcassets */; };
		22C6847D1CF9F46500C2394B /* LaunchScreen.storyboard in Resources */ = {isa = PBXBuildFile; fileRef = 22C6847B1CF9F46500C2394B /* LaunchScreen.storyboard */; };
		22C684881CF9F46500C2394B /* MyPageViewControllerTests.m in Sources */ = {isa = PBXBuildFile; fileRef = 22C684871CF9F46500C2394B /* MyPageViewControllerTests.m */; };
		22C684931CF9F46500C2394B /* MyPageViewControllerUITests.m in Sources */ = {isa = PBXBuildFile; fileRef = 22C684921CF9F46500C2394B /* MyPageViewControllerUITests.m */; };
		22C684A21CF9F97900C2394B /* MyContentViewController.m in Sources */ = {isa = PBXBuildFile; fileRef = 22C684A11CF9F97900C2394B /* MyContentViewController.m */; };
/* End PBXBuildFile section */

/* Begin PBXContainerItemProxy section */
		22C684841CF9F46500C2394B /* PBXContainerItemProxy */ = {
			isa = PBXContainerItemProxy;
			containerPortal = 22C6845F1CF9F46500C2394B /* Project object */;
			proxyType = 1;
			remoteGlobalIDString = 22C684661CF9F46500C2394B;
			remoteInfo = MyPageViewController;
		};
		22C6848F1CF9F46500C2394B /* PBXContainerItemProxy */ = {
			isa = PBXContainerItemProxy;
			containerPortal = 22C6845F1CF9F46500C2394B /* Project object */;
			proxyType = 1;
			remoteGlobalIDString = 22C684661CF9F46500C2394B;
			remoteInfo = MyPageViewController;
		};
/* End PBXContainerItemProxy section */

/* Begin PBXFileReference section */
		22C684671CF9F46500C2394B /* MyPageViewController.app */ = {isa = PBXFileReference; explicitFileType = wrapper.application; includeInIndex = 0; path = MyPageViewController.app; sourceTree = BUILT_PRODUCTS_DIR; };
		22C6846B1CF9F46500C2394B /* main.m */ = {isa = PBXFileReference; lastKnownFileType = sourcecode.c.objc; path = main.m; sourceTree = "<group>"; };
		22C6846D1CF9F46500C2394B /* AppDelegate.h */ = {isa = PBXFileReference; lastKnownFileType = sourcecode.c.h; path = AppDelegate.h; sourceTree = "<group>"; };
		22C6846E1CF9F46500C2394B /* AppDelegate.m */ = {isa = PBXFileReference; lastKnownFileType = sourcecode.c.objc; path = AppDelegate.m; sourceTree = "<group>"; };
		22C684701CF9F46500C2394B /* ViewController.h */ = {isa = PBXFileReference; lastKnownFileType = sourcecode.c.h; path = ViewController.h; sourceTree = "<group>"; };
		22C684711CF9F46500C2394B /* ViewController.m */ = {isa = PBXFileReference; lastKnownFileType = sourcecode.c.objc; path = ViewController.m; sourceTree = "<group>"; };
		22C684741CF9F46500C2394B /* Base */ = {isa = PBXFileReference; lastKnownFileType = file.storyboard; name = Base; path = Base.lproj/Main.storyboard; sourceTree = "<group>"; };
		22C684771CF9F46500C2394B /* MyPageViewController.xcdatamodel */ = {isa = PBXFileReference; lastKnownFileType = wrapper.xcdatamodel; path = MyPageViewController.xcdatamodel; sourceTree = "<group>"; };
		22C684791CF9F46500C2394B /* Assets.xcassets */ = {isa = PBXFileReference; lastKnownFileType = folder.assetcatalog; path = Assets.xcassets; sourceTree = "<group>"; };
		22C6847C1CF9F46500C2394B /* Base */ = {isa = PBXFileReference; lastKnownFileType = file.storyboard; name = Base; path = Base.lproj/LaunchScreen.storyboard; sourceTree = "<group>"; };
		22C6847E1CF9F46500C2394B /* Info.plist */ = {isa = PBXFileReference; lastKnownFileType = text.plist.xml; path = Info.plist; sourceTree = "<group>"; };
		22C684831CF9F46500C2394B /* MyPageViewControllerTests.xctest */ = {isa = PBXFileReference; explicitFileType = wrapper.cfbundle; includeInIndex = 0; path = MyPageViewControllerTests.xctest; sourceTree = BUILT_PRODUCTS_DIR; };
		22C684871CF9F46500C2394B /* MyPageViewControllerTests.m */ = {isa = PBXFileReference; lastKnownFileType = sourcecode.c.objc; path = MyPageViewControllerTests.m; sourceTree = "<group>"; };
		22C684891CF9F46500C2394B /* Info.plist */ = {isa = PBXFileReference; lastKnownFileType = text.plist.xml; path = Info.plist; sourceTree = "<group>"; };
		22C6848E1CF9F46500C2394B /* MyPageViewControllerUITests.xctest */ = {isa = PBXFileReference; explicitFileType = wrapper.cfbundle; includeInIndex = 0; path = MyPageViewControllerUITests.xctest; sourceTree = BUILT_PRODUCTS_DIR; };
		22C684921CF9F46500C2394B /* MyPageViewControllerUITests.m */ = {isa = PBXFileReference; lastKnownFileType = sourcecode.c.objc; path = MyPageViewControllerUITests.m; sourceTree = "<group>"; };
		22C684941CF9F46500C2394B /* Info.plist */ = {isa = PBXFileReference; lastKnownFileType = text.plist.xml; path = Info.plist; sourceTree = "<group>"; };
		22C684A01CF9F97900C2394B /* MyContentViewController.h */ = {isa = PBXFileReference; fileEncoding = 4; lastKnownFileType = sourcecode.c.h; path = MyContentViewController.h; sourceTree = "<group>"; };
		22C684A11CF9F97900C2394B /* MyContentViewController.m */ = {isa = PBXFileReference; fileEncoding = 4; lastKnownFileType = sourcecode.c.objc; path = MyContentViewController.m; sourceTree = "<group>"; };
/* End PBXFileReference section */

/* Begin PBXFrameworksBuildPhase section */
		22C684641CF9F46500C2394B /* Frameworks */ = {
			isa = PBXFrameworksBuildPhase;
			buildActionMask = 2147483647;
			files = (
			);
			runOnlyForDeploymentPostprocessing = 0;
		};
		22C684801CF9F46500C2394B /* Frameworks */ = {
			isa = PBXFrameworksBuildPhase;
			buildActionMask = 2147483647;
			files = (
			);
			runOnlyForDeploymentPostprocessing = 0;
		};
		22C6848B1CF9F46500C2394B /* Frameworks */ = {
			isa = PBXFrameworksBuildPhase;
			buildActionMask = 2147483647;
			files = (
			);
			runOnlyForDeploymentPostprocessing = 0;
		};
/* End PBXFrameworksBuildPhase section */

/* Begin PBXGroup section */
		22C6845E1CF9F46500C2394B = {
			isa = PBXGroup;
			children = (
				22C684691CF9F46500C2394B /* MyPageViewController */,
				22C684861CF9F46500C2394B /* MyPageViewControllerTests */,
				22C684911CF9F46500C2394B /* MyPageViewControllerUITests */,
				22C684681CF9F46500C2394B /* Products */,
			);
			sourceTree = "<group>";
		};
		22C684681CF9F46500C2394B /* Products */ = {
			isa = PBXGroup;
			children = (
				22C684671CF9F46500C2394B /* MyPageViewController.app */,
				22C684831CF9F46500C2394B /* MyPageViewControllerTests.xctest */,
				22C6848E1CF9F46500C2394B /* MyPageViewControllerUITests.xctest */,
			);
			name = Products;
			sourceTree = "<group>";
		};
		22C684691CF9F46500C2394B /* MyPageViewController */ = {
			isa = PBXGroup;
			children = (
				22C6846D1CF9F46500C2394B /* AppDelegate.h */,
				22C6846E1CF9F46500C2394B /* AppDelegate.m */,
				22C684701CF9F46500C2394B /* ViewController.h */,
				22C684711CF9F46500C2394B /* ViewController.m */,
				22C684A01CF9F97900C2394B /* MyContentViewController.h */,
				22C684A11CF9F97900C2394B /* MyContentViewController.m */,
				22C684731CF9F46500C2394B /* Main.storyboard */,
				22C684791CF9F46500C2394B /* Assets.xcassets */,
				22C6847B1CF9F46500C2394B /* LaunchScreen.storyboard */,
				22C6847E1CF9F46500C2394B /* Info.plist */,
				22C684761CF9F46500C2394B /* MyPageViewController.xcdatamodeld */,
				22C6846A1CF9F46500C2394B /* Supporting Files */,
			);
			path = MyPageViewController;
			sourceTree = "<group>";
		};
		22C6846A1CF9F46500C2394B /* Supporting Files */ = {
			isa = PBXGroup;
			children = (
				22C6846B1CF9F46500C2394B /* main.m */,
			);
			name = "Supporting Files";
			sourceTree = "<group>";
		};
		22C684861CF9F46500C2394B /* MyPageViewControllerTests */ = {
			isa = PBXGroup;
			children = (
				22C684871CF9F46500C2394B /* MyPageViewControllerTests.m */,
				22C684891CF9F46500C2394B /* Info.plist */,
			);
			path = MyPageViewControllerTests;
			sourceTree = "<group>";
		};
		22C684911CF9F46500C2394B /* MyPageViewControllerUITests */ = {
			isa = PBXGroup;
			children = (
				22C684921CF9F46500C2394B /* MyPageViewControllerUITests.m */,
				22C684941CF9F46500C2394B /* Info.plist */,
			);
			path = MyPageViewControllerUITests;
			sourceTree = "<group>";
		};
/* End PBXGroup section */

/* Begin PBXNativeTarget section */
		22C684661CF9F46500C2394B /* MyPageViewController */ = {
			isa = PBXNativeTarget;
			buildConfigurationList = 22C684971CF9F46500C2394B /* Build configuration list for PBXNativeTarget "MyPageViewController" */;
			buildPhases = (
				22C684631CF9F46500C2394B /* Sources */,
				22C684641CF9F46500C2394B /* Frameworks */,
				22C684651CF9F46500C2394B /* Resources */,
			);
			buildRules = (
			);
			dependencies = (
			);
			name = MyPageViewController;
			productName = MyPageViewController;
			productReference = 22C684671CF9F46500C2394B /* MyPageViewController.app */;
			productType = "com.apple.product-type.application";
		};
		22C684821CF9F46500C2394B /* MyPageViewControllerTests */ = {
			isa = PBXNativeTarget;
			buildConfigurationList = 22C6849A1CF9F46500C2394B /* Build configuration list for PBXNativeTarget "MyPageViewControllerTests" */;
			buildPhases = (
				22C6847F1CF9F46500C2394B /* Sources */,
				22C684801CF9F46500C2394B /* Frameworks */,
				22C684811CF9F46500C2394B /* Resources */,
			);
			buildRules = (
			);
			dependencies = (
				22C684851CF9F46500C2394B /* PBXTargetDependency */,
			);
			name = MyPageViewControllerTests;
			productName = MyPageViewControllerTests;
			productReference = 22C684831CF9F46500C2394B /* MyPageViewControllerTests.xctest */;
			productType = "com.apple.product-type.bundle.unit-test";
		};
		22C6848D1CF9F46500C2394B /* MyPageViewControllerUITests */ = {
			isa = PBXNativeTarget;
			buildConfigurationList = 22C6849D1CF9F46500C2394B /* Build configuration list for PBXNativeTarget "MyPageViewControllerUITests" */;
			buildPhases = (
				22C6848A1CF9F46500C2394B /* Sources */,
				22C6848B1CF9F46500C2394B /* Frameworks */,
				22C6848C1CF9F46500C2394B /* Resources */,
			);
			buildRules = (
			);
			dependencies = (
				22C684901CF9F46500C2394B /* PBXTargetDependency */,
			);
			name = MyPageViewControllerUITests;
			productName = MyPageViewControllerUITests;
			productReference = 22C6848E1CF9F46500C2394B /* MyPageViewControllerUITests.xctest */;
			productType = "com.apple.product-type.bundle.ui-testing";
		};
/* End PBXNativeTarget section */

/* Begin PBXProject section */
		22C6845F1CF9F46500C2394B /* Project object */ = {
			isa = PBXProject;
			attributes = {
				LastUpgradeCheck = 0730;
				ORGANIZATIONNAME = tanli;
				TargetAttributes = {
					22C684661CF9F46500C2394B = {
						CreatedOnToolsVersion = 7.3;
						DevelopmentTeam = P59WSC4RGL;
					};
					22C684821CF9F46500C2394B = {
						CreatedOnToolsVersion = 7.3;
						DevelopmentTeam = P59WSC4RGL;
						TestTargetID = 22C684661CF9F46500C2394B;
					};
					22C6848D1CF9F46500C2394B = {
						CreatedOnToolsVersion = 7.3;
						DevelopmentTeam = P59WSC4RGL;
						TestTargetID = 22C684661CF9F46500C2394B;
					};
				};
			};
			buildConfigurationList = 22C684621CF9F46500C2394B /* Build configuration list for PBXProject "MyPageViewController" */;
			compatibilityVersion = "Xcode 3.2";
			developmentRegion = English;
			hasScannedForEncodings = 0;
			knownRegions = (
				en,
				Base,
			);
			mainGroup = 22C6845E1CF9F46500C2394B;
			productRefGroup = 22C684681CF9F46500C2394B /* Products */;
			projectDirPath = "";
			projectRoot = "";
			targets = (
				22C684661CF9F46500C2394B /* MyPageViewController */,
				22C684821CF9F46500C2394B /* MyPageViewControllerTests */,
				22C6848D1CF9F46500C2394B /* MyPageViewControllerUITests */,
			);
		};
/* End PBXProject section */

/* Begin PBXResourcesBuildPhase section */
		22C684651CF9F46500C2394B /* Resources */ = {
			isa = PBXResourcesBuildPhase;
			buildActionMask = 2147483647;
			files = (
				22C6847D1CF9F46500C2394B /* LaunchScreen.storyboard in Resources */,
				22C6847A1CF9F46500C2394B /* Assets.xcassets in Resources */,
				22C684751CF9F46500C2394B /* Main.storyboard in Resources */,
			);
			runOnlyForDeploymentPostprocessing = 0;
		};
		22C684811CF9F46500C2394B /* Resources */ = {
			isa = PBXResourcesBuildPhase;
			buildActionMask = 2147483647;
			files = (
			);
			runOnlyForDeploymentPostprocessing = 0;
		};
		22C6848C1CF9F46500C2394B /* Resources */ = {
			isa = PBXResourcesBuildPhase;
			buildActionMask = 2147483647;
			files = (
			);
			runOnlyForDeploymentPostprocessing = 0;
		};
/* End PBXResourcesBuildPhase section */

/* Begin PBXSourcesBuildPhase section */
		22C684631CF9F46500C2394B /* Sources */ = {
			isa = PBXSourcesBuildPhase;
			buildActionMask = 2147483647;
			files = (
				22C684721CF9F46500C2394B /* ViewController.m in Sources */,
				22C684781CF9F46500C2394B /* MyPageViewController.xcdatamodeld in Sources */,
				22C6846F1CF9F46500C2394B /* AppDelegate.m in Sources */,
				22C684A21CF9F97900C2394B /* MyContentViewController.m in Sources */,
				22C6846C1CF9F46500C2394B /* main.m in Sources */,
			);
			runOnlyForDeploymentPostprocessing = 0;
		};
		22C6847F1CF9F46500C2394B /* Sources */ = {
			isa = PBXSourcesBuildPhase;
			buildActionMask = 2147483647;
			files = (
				22C684881CF9F46500C2394B /* MyPageViewControllerTests.m in Sources */,
			);
			runOnlyForDeploymentPostprocessing = 0;
		};
		22C6848A1CF9F46500C2394B /* Sources */ = {
			isa = PBXSourcesBuildPhase;
			buildActionMask = 2147483647;
			files = (
				22C684931CF9F46500C2394B /* MyPageViewControllerUITests.m in Sources */,
			);
			runOnlyForDeploymentPostprocessing = 0;
		};
/* End PBXSourcesBuildPhase section */

/* Begin PBXTargetDependency section */
		22C684851CF9F46500C2394B /* PBXTargetDependency */ = {
			isa = PBXTargetDependency;
			target = 22C684661CF9F46500C2394B /* MyPageViewController */;
			targetProxy = 22C684841CF9F46500C2394B /* PBXContainerItemProxy */;
		};
		22C684901CF9F46500C2394B /* PBXTargetDependency */ = {
			isa = PBXTargetDependency;
			target = 22C684661CF9F46500C2394B /* MyPageViewController */;
			targetProxy = 22C6848F1CF9F46500C2394B /* PBXContainerItemProxy */;
		};
/* End PBXTargetDependency section */

/* Begin PBXVariantGroup section */
		22C684731CF9F46500C2394B /* Main.storyboard */ = {
			isa = PBXVariantGroup;
			children = (
				22C684741CF9F46500C2394B /* Base */,
			);
			name = Main.storyboard;
			sourceTree = "<group>";
		};
		22C6847B1CF9F46500C2394B /* LaunchScreen.storyboard */ = {
			isa = PBXVariantGroup;
			children = (
				22C6847C1CF9F46500C2394B /* Base */,
			);
			name = LaunchScreen.storyboard;
			sourceTree = "<group>";
		};
/* End PBXVariantGroup section */

/* Begin XCBuildConfiguration section */
		22C684951CF9F46500C2394B /* Debug */ = {
			isa = XCBuildConfiguration;
			buildSettings = {
				ALWAYS_SEARCH_USER_PATHS = NO;
				CLANG_ANALYZER_NONNULL = YES;
				CLANG_CXX_LANGUAGE_STANDARD = "gnu++0x";
				CLANG_CXX_LIBRARY = "libc++";
				CLANG_ENABLE_MODULES = YES;
				CLANG_ENABLE_OBJC_ARC = YES;
				CLANG_WARN_BOOL_CONVERSION = YES;
				CLANG_WARN_CONSTANT_CONVERSION = YES;
				CLANG_WARN_DIRECT_OBJC_ISA_USAGE = YES_ERROR;
				CLANG_WARN_EMPTY_BODY = YES;
				CLANG_WARN_ENUM_CONVERSION = YES;
				CLANG_WARN_INT_CONVERSION = YES;
				CLANG_WARN_OBJC_ROOT_CLASS = YES_ERROR;
				CLANG_WARN_UNREACHABLE_CODE = YES;
				CLANG_WARN__DUPLICATE_METHOD_MATCH = YES;
				"CODE_SIGN_IDENTITY[sdk=iphoneos*]" = "iPhone Developer";
				COPY_PHASE_STRIP = NO;
				DEBUG_INFORMATION_FORMAT = dwarf;
				ENABLE_STRICT_OBJC_MSGSEND = YES;
				ENABLE_TESTABILITY = YES;
				GCC_C_LANGUAGE_STANDARD = gnu99;
				GCC_DYNAMIC_NO_PIC = NO;
				GCC_NO_COMMON_BLOCKS = YES;
				GCC_OPTIMIZATION_LEVEL = 0;
				GCC_PREPROCESSOR_DEFINITIONS = (
					"DEBUG=1",
					"$(inherited)",
				);
				GCC_WARN_64_TO_32_BIT_CONVERSION = YES;
				GCC_WARN_ABOUT_RETURN_TYPE = YES_ERROR;
				GCC_WARN_UNDECLARED_SELECTOR = YES;
				GCC_WARN_UNINITIALIZED_AUTOS = YES_AGGRESSIVE;
				GCC_WARN_UNUSED_FUNCTION = YES;
				GCC_WARN_UNUSED_VARIABLE = YES;
				IPHONEOS_DEPLOYMENT_TARGET = 9.3;
				MTL_ENABLE_DEBUG_INFO = YES;
				ONLY_ACTIVE_ARCH = YES;
				SDKROOT = iphoneos;
				TARGETED_DEVICE_FAMILY = "1,2";
			};
			name = Debug;
		};
		22C684961CF9F46500C2394B /* Release */ = {
			isa = XCBuildConfiguration;
			buildSettings = {
				ALWAYS_SEARCH_USER_PATHS = NO;
				CLANG_ANALYZER_NONNULL = YES;
				CLANG_CXX_LANGUAGE_STANDARD = "gnu++0x";
				CLANG_CXX_LIBRARY = "libc++";
				CLANG_ENABLE_MODULES = YES;
				CLANG_ENABLE_OBJC_ARC = YES;
				CLANG_WARN_BOOL_CONVERSION = YES;
				CLANG_WARN_CONSTANT_CONVERSION = YES;
				CLANG_WARN_DIRECT_OBJC_ISA_USAGE = YES_ERROR;
				CLANG_WARN_EMPTY_BODY = YES;
				CLANG_WARN_ENUM_CONVERSION = YES;
				CLANG_WARN_INT_CONVERSION = YES;
				CLANG_WARN_OBJC_ROOT_CLASS = YES_ERROR;
				CLANG_WARN_UNREACHABLE_CODE = YES;
				CLANG_WARN__DUPLICATE_METHOD_MATCH = YES;
				"CODE_SIGN_IDENTITY[sdk=iphoneos*]" = "iPhone Developer";
				COPY_PHASE_STRIP = NO;
				DEBUG_INFORMATION_FORMAT = "dwarf-with-dsym";
				ENABLE_NS_ASSERTIONS = NO;
				ENABLE_STRICT_OBJC_MSGSEND = YES;
				GCC_C_LANGUAGE_STANDARD = gnu99;
				GCC_NO_COMMON_BLOCKS = YES;
				GCC_WARN_64_TO_32_BIT_CONVERSION = YES;
				GCC_WARN_ABOUT_RETURN_TYPE = YES_ERROR;
				GCC_WARN_UNDECLARED_SELECTOR = YES;
				GCC_WARN_UNINITIALIZED_AUTOS = YES_AGGRESSIVE;
				GCC_WARN_UNUSED_FUNCTION = YES;
				GCC_WARN_UNUSED_VARIABLE = YES;
				IPHONEOS_DEPLOYMENT_TARGET = 9.3;
				MTL_ENABLE_DEBUG_INFO = NO;
				SDKROOT = iphoneos;
				TARGETED_DEVICE_FAMILY = "1,2";
				VALIDATE_PRODUCT = YES;
			};
			name = Release;
		};
		22C684981CF9F46500C2394B /* Debug */ = {
			isa = XCBuildConfiguration;
			buildSettings = {
				ASSETCATALOG_COMPILER_APPICON_NAME = AppIcon;
				INFOPLIST_FILE = MyPageViewController/Info.plist;
				IPHONEOS_DEPLOYMENT_TARGET = 7.0;
				LD_RUNPATH_SEARCH_PATHS = "$(inherited) @executable_path/Frameworks";
				PRODUCT_BUNDLE_IDENTIFIER = cn.edu.software.nju.MyPageViewController;
				PRODUCT_NAME = "$(TARGET_NAME)";
			};
			name = Debug;
		};
		22C684991CF9F46500C2394B /* Release */ = {
			isa = XCBuildConfiguration;
			buildSettings = {
				ASSETCATALOG_COMPILER_APPICON_NAME = AppIcon;
				INFOPLIST_FILE = MyPageViewController/Info.plist;
				IPHONEOS_DEPLOYMENT_TARGET = 7.0;
				LD_RUNPATH_SEARCH_PATHS = "$(inherited) @executable_path/Frameworks";
				PRODUCT_BUNDLE_IDENTIFIER = cn.edu.software.nju.MyPageViewController;
				PRODUCT_NAME = "$(TARGET_NAME)";
			};
			name = Release;
		};
		22C6849B1CF9F46500C2394B /* Debug */ = {
			isa = XCBuildConfiguration;
			buildSettings = {
				BUNDLE_LOADER = "$(TEST_HOST)";
				INFOPLIST_FILE = MyPageViewControllerTests/Info.plist;
				LD_RUNPATH_SEARCH_PATHS = "$(inherited) @executable_path/Frameworks @loader_path/Frameworks";
				PRODUCT_BUNDLE_IDENTIFIER = cn.edu.software.nju.MyPageViewControllerTests;
				PRODUCT_NAME = "$(TARGET_NAME)";
				TEST_HOST = "$(BUILT_PRODUCTS_DIR)/MyPageViewController.app/MyPageViewController";
			};
			name = Debug;
		};
		22C6849C1CF9F46500C2394B /* Release */ = {
			isa = XCBuildConfiguration;
			buildSettings = {
				BUNDLE_LOADER = "$(TEST_HOST)";
				INFOPLIST_FILE = MyPageViewControllerTests/Info.plist;
				LD_RUNPATH_SEARCH_PATHS = "$(inherited) @executable_path/Frameworks @loader_path/Frameworks";
				PRODUCT_BUNDLE_IDENTIFIER = cn.edu.software.nju.MyPageViewControllerTests;
				PRODUCT_NAME = "$(TARGET_NAME)";
				TEST_HOST = "$(BUILT_PRODUCTS_DIR)/MyPageViewController.app/MyPageViewController";
			};
			name = Release;
		};
		22C6849E1CF9F46500C2394B /* Debug */ = {
			isa = XCBuildConfiguration;
			buildSettings = {
				INFOPLIST_FILE = MyPageViewControllerUITests/Info.plist;
				LD_RUNPATH_SEARCH_PATHS = "$(inherited) @executable_path/Frameworks @loader_path/Frameworks";
				PRODUCT_BUNDLE_IDENTIFIER = cn.edu.software.nju.MyPageViewControllerUITests;
				PRODUCT_NAME = "$(TARGET_NAME)";
				TEST_TARGET_NAME = MyPageViewController;
			};
			name = Debug;
		};
		22C6849F1CF9F46500C2394B /* Release */ = {
			isa = XCBuildConfiguration;
			buildSettings = {
				INFOPLIST_FILE = MyPageViewControllerUITests/Info.plist;
				LD_RUNPATH_SEARCH_PATHS = "$(inherited) @executable_path/Frameworks @loader_path/Frameworks";
				PRODUCT_BUNDLE_IDENTIFIER = cn.edu.software.nju.MyPageViewControllerUITests;
				PRODUCT_NAME = "$(TARGET_NAME)";
				TEST_TARGET_NAME = MyPageViewController;
			};
			name = Release;
		};
/* End XCBuildConfiguration section */

/* Begin XCConfigurationList section */
		22C684621CF9F46500C2394B /* Build configuration list for PBXProject "MyPageViewController" */ = {
			isa = XCConfigurationList;
			buildConfigurations = (
				22C684951CF9F46500C2394B /* Debug */,
				22C684961CF9F46500C2394B /* Release */,
			);
			defaultConfigurationIsVisible = 0;
			defaultConfigurationName = Release;
		};
		22C684971CF9F46500C2394B /* Build configuration list for PBXNativeTarget "MyPageViewController" */ = {
			isa = XCConfigurationList;
			buildConfigurations = (
				22C684981CF9F46500C2394B /* Debug */,
				22C684991CF9F46500C2394B /* Release */,
			);
			defaultConfigurationIsVisible = 0;
		};
		22C6849A1CF9F46500C2394B /* Build configuration list for PBXNativeTarget "MyPageViewControllerTests" */ = {
			isa = XCConfigurationList;
			buildConfigurations = (
				22C6849B1CF9F46500C2394B /* Debug */,
				22C6849C1CF9F46500C2394B /* Release */,
			);
			defaultConfigurationIsVisible = 0;
		};
		22C6849D1CF9F46500C2394B /* Build configuration list for PBXNativeTarget "MyPageViewControllerUITests" */ = {
			isa = XCConfigurationList;
			buildConfigurations = (
				22C6849E1CF9F46500C2394B /* Debug */,
				22C6849F1CF9F46500C2394B /* Release */,
			);
			defaultConfigurationIsVisible = 0;
		};
/* End XCConfigurationList section */

/* Begin XCVersionGroup section */
		22C684761CF9F46500C2394B /* MyPageViewController.xcdatamodeld */ = {
			isa = XCVersionGroup;
			children = (
				22C684771CF9F46500C2394B /* MyPageViewController.xcdatamodel */,
			);
			currentVersion = 22C684771CF9F46500C2394B /* MyPageViewController.xcdatamodel */;
			path = MyPageViewController.xcdatamodeld;
			sourceTree = "<group>";
			versionGroupType = wrapper.xcdatamodel;
		};
/* End XCVersionGroup section */
	};
	rootObject = 22C6845F1CF9F46500C2394B /* Project object */;
}
